# This file is automatically @generated by Wally.
# It is not intended for manual editing.
registry = "test"

[[package]]
name = "aurum-works/gold-rush-legacy"
version = "0.1.0"
dependencies = [["Matter", "matter-ecs/matter@0.8.5"], ["ProfileStore", "lm-loleris/profilestore@1.0.3"], ["SimplePath", "tabby0x/simplepath@2.2.6"]]

[[package]]
name = "lm-loleris/profilestore"
version = "1.0.3"
dependencies = []

[[package]]
name = "matter-ecs/matter"
version = "0.8.5"
dependencies = []

[[package]]
name = "tabby0x/simplepath"
version = "2.2.6"
dependencies = []
